
Microsoft Visual Studio Solution File, Format Version 12.00
# Visual Studio 14
VisualStudioVersion = 14.0.25420.1
MinimumVisualStudioVersion = 10.0.40219.1
Project("{FAE04EC0-301F-11D3-BF4B-00C04F79EFBC}") = "ListViewTest.Droid", "ListViewTest\ListViewTest.Droid\ListViewTest.Droid.csproj", "{EDBF091C-8196-4F60-8DE7-14711544D534}"
EndProject
Project("{FAE04EC0-301F-11D3-BF4B-00C04F79EFBC}") = "ListViewTest.iOS", "ListViewTest\ListViewTest.iOS\ListViewTest.iOS.csproj", "{D5D04525-DDBF-4708-B81B-2C878E98BA97}"
EndProject
Project("{FAE04EC0-301F-11D3-BF4B-00C04F79EFBC}") = "ListViewTest.WinPhone", "ListViewTest\ListViewTest.WinPhone\ListViewTest.WinPhone.csproj", "{07801F9A-B9C5-427B-A618-0FA2415971CB}"
EndProject
Project("{FAE04EC0-301F-11D3-BF4B-00C04F79EFBC}") = "ListViewTest.UWP", "ListViewTest\ListViewTest.UWP\ListViewTest.UWP.csproj", "{C4AAE476-115C-4A5E-9594-ED2EAC177E80}"
EndProject
Project("{FAE04EC0-301F-11D3-BF4B-00C04F79EFBC}") = "ListViewTest.Windows", "ListViewTest\ListViewTest.Windows\ListViewTest.Windows.csproj", "{AA118EE6-A692-43AB-BCC0-F57CFBF4F3DF}"
EndProject
Project("{FAE04EC0-301F-11D3-BF4B-00C04F79EFBC}") = "ListViewTest", "ListViewTest\ListViewTest\ListViewTest.csproj", "{A5BC59EC-AD31-41C8-BA3E-45CC7A5CB75F}"
EndProject
Global
	GlobalSection(SolutionConfigurationPlatforms) = preSolution
		Ad-Hoc|Any CPU = Ad-Hoc|Any CPU
		Ad-Hoc|ARM = Ad-Hoc|ARM
		Ad-Hoc|iPhone = Ad-Hoc|iPhone
		Ad-Hoc|iPhoneSimulator = Ad-Hoc|iPhoneSimulator
		Ad-Hoc|x64 = Ad-Hoc|x64
		Ad-Hoc|x86 = Ad-Hoc|x86
		AppStore|Any CPU = AppStore|Any CPU
		AppStore|ARM = AppStore|ARM
		AppStore|iPhone = AppStore|iPhone
		AppStore|iPhoneSimulator = AppStore|iPhoneSimulator
		AppStore|x64 = AppStore|x64
		AppStore|x86 = AppStore|x86
		Debug|Any CPU = Debug|Any CPU
		Debug|ARM = Debug|ARM
		Debug|iPhone = Debug|iPhone
		Debug|iPhoneSimulator = Debug|iPhoneSimulator
		Debug|x64 = Debug|x64
		Debug|x86 = Debug|x86
		Release|Any CPU = Release|Any CPU
		Release|ARM = Release|ARM
		Release|iPhone = Release|iPhone
		Release|iPhoneSimulator = Release|iPhoneSimulator
		Release|x64 = Release|x64
		Release|x86 = Release|x86
	EndGlobalSection
	GlobalSection(ProjectConfigurationPlatforms) = postSolution
		{EDBF091C-8196-4F60-8DE7-14711544D534}.Ad-Hoc|Any CPU.ActiveCfg = Release|Any CPU
		{EDBF091C-8196-4F60-8DE7-14711544D534}.Ad-Hoc|Any CPU.Build.0 = Release|Any CPU
		{EDBF091C-8196-4F60-8DE7-14711544D534}.Ad-Hoc|Any CPU.Deploy.0 = Release|Any CPU
		{EDBF091C-8196-4F60-8DE7-14711544D534}.Ad-Hoc|ARM.ActiveCfg = Release|Any CPU
		{EDBF091C-8196-4F60-8DE7-14711544D534}.Ad-Hoc|ARM.Build.0 = Release|Any CPU
		{EDBF091C-8196-4F60-8DE7-14711544D534}.Ad-Hoc|ARM.Deploy.0 = Release|Any CPU
		{EDBF091C-8196-4F60-8DE7-14711544D534}.Ad-Hoc|iPhone.ActiveCfg = Release|Any CPU
		{EDBF091C-8196-4F60-8DE7-14711544D534}.Ad-Hoc|iPhone.Build.0 = Release|Any CPU
		{EDBF091C-8196-4F60-8DE7-14711544D534}.Ad-Hoc|iPhone.Deploy.0 = Release|Any CPU
		{EDBF091C-8196-4F60-8DE7-14711544D534}.Ad-Hoc|iPhoneSimulator.ActiveCfg = Release|Any CPU
		{EDBF091C-8196-4F60-8DE7-14711544D534}.Ad-Hoc|iPhoneSimulator.Build.0 = Release|Any CPU
		{EDBF091C-8196-4F60-8DE7-14711544D534}.Ad-Hoc|iPhoneSimulator.Deploy.0 = Release|Any CPU
		{EDBF091C-8196-4F60-8DE7-14711544D534}.Ad-Hoc|x64.ActiveCfg = Release|Any CPU
		{EDBF091C-8196-4F60-8DE7-14711544D534}.Ad-Hoc|x64.Build.0 = Release|Any CPU
		{EDBF091C-8196-4F60-8DE7-14711544D534}.Ad-Hoc|x64.Deploy.0 = Release|Any CPU
		{EDBF091C-8196-4F60-8DE7-14711544D534}.Ad-Hoc|x86.ActiveCfg = Release|Any CPU
		{EDBF091C-8196-4F60-8DE7-14711544D534}.Ad-Hoc|x86.Build.0 = Release|Any CPU
		{EDBF091C-8196-4F60-8DE7-14711544D534}.Ad-Hoc|x86.Deploy.0 = Release|Any CPU
		{EDBF091C-8196-4F60-8DE7-14711544D534}.AppStore|Any CPU.ActiveCfg = Release|Any CPU
		{EDBF091C-8196-4F60-8DE7-14711544D534}.AppStore|Any CPU.Build.0 = Release|Any CPU
		{EDBF091C-8196-4F60-8DE7-14711544D534}.AppStore|Any CPU.Deploy.0 = Release|Any CPU
		{EDBF091C-8196-4F60-8DE7-14711544D534}.AppStore|ARM.ActiveCfg = Release|Any CPU
		{EDBF091C-8196-4F60-8DE7-14711544D534}.AppStore|ARM.Build.0 = Release|Any CPU
		{EDBF091C-8196-4F60-8DE7-14711544D534}.AppStore|ARM.Deploy.0 = Release|Any CPU
		{EDBF091C-8196-4F60-8DE7-14711544D534}.AppStore|iPhone.ActiveCfg = Release|Any CPU
		{EDBF091C-8196-4F60-8DE7-14711544D534}.AppStore|iPhone.Build.0 = Release|Any CPU
		{EDBF091C-8196-4F60-8DE7-14711544D534}.AppStore|iPhone.Deploy.0 = Release|Any CPU
		{EDBF091C-8196-4F60-8DE7-14711544D534}.AppStore|iPhoneSimulator.ActiveCfg = Release|Any CPU
		{EDBF091C-8196-4F60-8DE7-14711544D534}.AppStore|iPhoneSimulator.Build.0 = Release|Any CPU
		{EDBF091C-8196-4F60-8DE7-14711544D534}.AppStore|iPhoneSimulator.Deploy.0 = Release|Any CPU
		{EDBF091C-8196-4F60-8DE7-14711544D534}.AppStore|x64.ActiveCfg = Release|Any CPU
		{EDBF091C-8196-4F60-8DE7-14711544D534}.AppStore|x64.Build.0 = Release|Any CPU
		{EDBF091C-8196-4F60-8DE7-14711544D534}.AppStore|x64.Deploy.0 = Release|Any CPU
		{EDBF091C-8196-4F60-8DE7-14711544D534}.AppStore|x86.ActiveCfg = Release|Any CPU
		{EDBF091C-8196-4F60-8DE7-14711544D534}.AppStore|x86.Build.0 = Release|Any CPU
		{EDBF091C-8196-4F60-8DE7-14711544D534}.AppStore|x86.Deploy.0 = Release|Any CPU
		{EDBF091C-8196-4F60-8DE7-14711544D534}.Debug|Any CPU.ActiveCfg = Debug|Any CPU
		{EDBF091C-8196-4F60-8DE7-14711544D534}.Debug|Any CPU.Build.0 = Debug|Any CPU
		{EDBF091C-8196-4F60-8DE7-14711544D534}.Debug|Any CPU.Deploy.0 = Debug|Any CPU
		{EDBF091C-8196-4F60-8DE7-14711544D534}.Debug|ARM.ActiveCfg = Debug|Any CPU
		{EDBF091C-8196-4F60-8DE7-14711544D534}.Debug|ARM.Build.0 = Debug|Any CPU
		{EDBF091C-8196-4F60-8DE7-14711544D534}.Debug|ARM.Deploy.0 = Debug|Any CPU
		{EDBF091C-8196-4F60-8DE7-14711544D534}.Debug|iPhone.ActiveCfg = Debug|Any CPU
		{EDBF091C-8196-4F60-8DE7-14711544D534}.Debug|iPhone.Build.0 = Debug|Any CPU
		{EDBF091C-8196-4F60-8DE7-14711544D534}.Debug|iPhone.Deploy.0 = Debug|Any CPU
		{EDBF091C-8196-4F60-8DE7-14711544D534}.Debug|iPhoneSimulator.ActiveCfg = Debug|Any CPU
		{EDBF091C-8196-4F60-8DE7-14711544D534}.Debug|iPhoneSimulator.Build.0 = Debug|Any CPU
		{EDBF091C-8196-4F60-8DE7-14711544D534}.Debug|iPhoneSimulator.Deploy.0 = Debug|Any CPU
		{EDBF091C-8196-4F60-8DE7-14711544D534}.Debug|x64.ActiveCfg = Debug|Any CPU
		{EDBF091C-8196-4F60-8DE7-14711544D534}.Debug|x64.Build.0 = Debug|Any CPU
		{EDBF091C-8196-4F60-8DE7-14711544D534}.Debug|x64.Deploy.0 = Debug|Any CPU
		{EDBF091C-8196-4F60-8DE7-14711544D534}.Debug|x86.ActiveCfg = Debug|Any CPU
		{EDBF091C-8196-4F60-8DE7-14711544D534}.Debug|x86.Build.0 = Debug|Any CPU
		{EDBF091C-8196-4F60-8DE7-14711544D534}.Debug|x86.Deploy.0 = Debug|Any CPU
		{EDBF091C-8196-4F60-8DE7-14711544D534}.Release|Any CPU.ActiveCfg = Release|Any CPU
		{EDBF091C-8196-4F60-8DE7-14711544D534}.Release|Any CPU.Build.0 = Release|Any CPU
		{EDBF091C-8196-4F60-8DE7-14711544D534}.Release|Any CPU.Deploy.0 = Release|Any CPU
		{EDBF091C-8196-4F60-8DE7-14711544D534}.Release|ARM.ActiveCfg = Release|Any CPU
		{EDBF091C-8196-4F60-8DE7-14711544D534}.Release|ARM.Build.0 = Release|Any CPU
		{EDBF091C-8196-4F60-8DE7-14711544D534}.Release|ARM.Deploy.0 = Release|Any CPU
		{EDBF091C-8196-4F60-8DE7-14711544D534}.Release|iPhone.ActiveCfg = Release|Any CPU
		{EDBF091C-8196-4F60-8DE7-14711544D534}.Release|iPhone.Build.0 = Release|Any CPU
		{EDBF091C-8196-4F60-8DE7-14711544D534}.Release|iPhone.Deploy.0 = Release|Any CPU
		{EDBF091C-8196-4F60-8DE7-14711544D534}.Release|iPhoneSimulator.ActiveCfg = Release|Any CPU
		{EDBF091C-8196-4F60-8DE7-14711544D534}.Release|iPhoneSimulator.Build.0 = Release|Any CPU
		{EDBF091C-8196-4F60-8DE7-14711544D534}.Release|iPhoneSimulator.Deploy.0 = Release|Any CPU
		{EDBF091C-8196-4F60-8DE7-14711544D534}.Release|x64.ActiveCfg = Release|Any CPU
		{EDBF091C-8196-4F60-8DE7-14711544D534}.Release|x64.Build.0 = Release|Any CPU
		{EDBF091C-8196-4F60-8DE7-14711544D534}.Release|x64.Deploy.0 = Release|Any CPU
		{EDBF091C-8196-4F60-8DE7-14711544D534}.Release|x86.ActiveCfg = Release|Any CPU
		{EDBF091C-8196-4F60-8DE7-14711544D534}.Release|x86.Build.0 = Release|Any CPU
		{EDBF091C-8196-4F60-8DE7-14711544D534}.Release|x86.Deploy.0 = Release|Any CPU
		{D5D04525-DDBF-4708-B81B-2C878E98BA97}.Ad-Hoc|Any CPU.ActiveCfg = Ad-Hoc|iPhone
		{D5D04525-DDBF-4708-B81B-2C878E98BA97}.Ad-Hoc|ARM.ActiveCfg = Ad-Hoc|iPhone
		{D5D04525-DDBF-4708-B81B-2C878E98BA97}.Ad-Hoc|iPhone.ActiveCfg = Ad-Hoc|iPhone
		{D5D04525-DDBF-4708-B81B-2C878E98BA97}.Ad-Hoc|iPhone.Build.0 = Ad-Hoc|iPhone
		{D5D04525-DDBF-4708-B81B-2C878E98BA97}.Ad-Hoc|iPhoneSimulator.ActiveCfg = Ad-Hoc|iPhoneSimulator
		{D5D04525-DDBF-4708-B81B-2C878E98BA97}.Ad-Hoc|iPhoneSimulator.Build.0 = Ad-Hoc|iPhoneSimulator
		{D5D04525-DDBF-4708-B81B-2C878E98BA97}.Ad-Hoc|x64.ActiveCfg = Ad-Hoc|iPhone
		{D5D04525-DDBF-4708-B81B-2C878E98BA97}.Ad-Hoc|x86.ActiveCfg = Ad-Hoc|iPhone
		{D5D04525-DDBF-4708-B81B-2C878E98BA97}.AppStore|Any CPU.ActiveCfg = AppStore|iPhone
		{D5D04525-DDBF-4708-B81B-2C878E98BA97}.AppStore|ARM.ActiveCfg = AppStore|iPhone
		{D5D04525-DDBF-4708-B81B-2C878E98BA97}.AppStore|iPhone.ActiveCfg = AppStore|iPhone
		{D5D04525-DDBF-4708-B81B-2C878E98BA97}.AppStore|iPhone.Build.0 = AppStore|iPhone
		{D5D04525-DDBF-4708-B81B-2C878E98BA97}.AppStore|iPhoneSimulator.ActiveCfg = AppStore|iPhoneSimulator
		{D5D04525-DDBF-4708-B81B-2C878E98BA97}.AppStore|iPhoneSimulator.Build.0 = AppStore|iPhoneSimulator
		{D5D04525-DDBF-4708-B81B-2C878E98BA97}.AppStore|x64.ActiveCfg = AppStore|iPhone
		{D5D04525-DDBF-4708-B81B-2C878E98BA97}.AppStore|x86.ActiveCfg = AppStore|iPhone
		{D5D04525-DDBF-4708-B81B-2C878E98BA97}.Debug|Any CPU.ActiveCfg = Debug|iPhone
		{D5D04525-DDBF-4708-B81B-2C878E98BA97}.Debug|ARM.ActiveCfg = Debug|iPhone
		{D5D04525-DDBF-4708-B81B-2C878E98BA97}.Debug|iPhone.ActiveCfg = Debug|iPhone
		{D5D04525-DDBF-4708-B81B-2C878E98BA97}.Debug|iPhone.Build.0 = Debug|iPhone
		{D5D04525-DDBF-4708-B81B-2C878E98BA97}.Debug|iPhoneSimulator.ActiveCfg = Debug|iPhoneSimulator
		{D5D04525-DDBF-4708-B81B-2C878E98BA97}.Debug|iPhoneSimulator.Build.0 = Debug|iPhoneSimulator
		{D5D04525-DDBF-4708-B81B-2C878E98BA97}.Debug|x64.ActiveCfg = Debug|iPhone
		{D5D04525-DDBF-4708-B81B-2C878E98BA97}.Debug|x86.ActiveCfg = Debug|iPhone
		{D5D04525-DDBF-4708-B81B-2C878E98BA97}.Release|Any CPU.ActiveCfg = Release|iPhone
		{D5D04525-DDBF-4708-B81B-2C878E98BA97}.Release|ARM.ActiveCfg = Release|iPhone
		{D5D04525-DDBF-4708-B81B-2C878E98BA97}.Release|iPhone.ActiveCfg = Release|iPhone
		{D5D04525-DDBF-4708-B81B-2C878E98BA97}.Release|iPhone.Build.0 = Release|iPhone
		{D5D04525-DDBF-4708-B81B-2C878E98BA97}.Release|iPhoneSimulator.ActiveCfg = Release|iPhoneSimulator
		{D5D04525-DDBF-4708-B81B-2C878E98BA97}.Release|iPhoneSimulator.Build.0 = Release|iPhoneSimulator
		{D5D04525-DDBF-4708-B81B-2C878E98BA97}.Release|x64.ActiveCfg = Release|iPhone
		{D5D04525-DDBF-4708-B81B-2C878E98BA97}.Release|x86.ActiveCfg = Release|iPhone
		{07801F9A-B9C5-427B-A618-0FA2415971CB}.Ad-Hoc|Any CPU.ActiveCfg = Release|Any CPU
		{07801F9A-B9C5-427B-A618-0FA2415971CB}.Ad-Hoc|Any CPU.Build.0 = Release|Any CPU
		{07801F9A-B9C5-427B-A618-0FA2415971CB}.Ad-Hoc|Any CPU.Deploy.0 = Release|Any CPU
		{07801F9A-B9C5-427B-A618-0FA2415971CB}.Ad-Hoc|ARM.ActiveCfg = Release|ARM
		{07801F9A-B9C5-427B-A618-0FA2415971CB}.Ad-Hoc|ARM.Build.0 = Release|ARM
		{07801F9A-B9C5-427B-A618-0FA2415971CB}.Ad-Hoc|ARM.Deploy.0 = Release|ARM
		{07801F9A-B9C5-427B-A618-0FA2415971CB}.Ad-Hoc|iPhone.ActiveCfg = Release|Any CPU
		{07801F9A-B9C5-427B-A618-0FA2415971CB}.Ad-Hoc|iPhone.Build.0 = Release|Any CPU
		{07801F9A-B9C5-427B-A618-0FA2415971CB}.Ad-Hoc|iPhone.Deploy.0 = Release|Any CPU
		{07801F9A-B9C5-427B-A618-0FA2415971CB}.Ad-Hoc|iPhoneSimulator.ActiveCfg = Release|Any CPU
		{07801F9A-B9C5-427B-A618-0FA2415971CB}.Ad-Hoc|iPhoneSimulator.Build.0 = Release|Any CPU
		{07801F9A-B9C5-427B-A618-0FA2415971CB}.Ad-Hoc|iPhoneSimulator.Deploy.0 = Release|Any CPU
		{07801F9A-B9C5-427B-A618-0FA2415971CB}.Ad-Hoc|x64.ActiveCfg = Release|Any CPU
		{07801F9A-B9C5-427B-A618-0FA2415971CB}.Ad-Hoc|x64.Build.0 = Release|Any CPU
		{07801F9A-B9C5-427B-A618-0FA2415971CB}.Ad-Hoc|x64.Deploy.0 = Release|Any CPU
		{07801F9A-B9C5-427B-A618-0FA2415971CB}.Ad-Hoc|x86.ActiveCfg = Release|x86
		{07801F9A-B9C5-427B-A618-0FA2415971CB}.Ad-Hoc|x86.Build.0 = Release|x86
		{07801F9A-B9C5-427B-A618-0FA2415971CB}.Ad-Hoc|x86.Deploy.0 = Release|x86
		{07801F9A-B9C5-427B-A618-0FA2415971CB}.AppStore|Any CPU.ActiveCfg = Release|Any CPU
		{07801F9A-B9C5-427B-A618-0FA2415971CB}.AppStore|Any CPU.Build.0 = Release|Any CPU
		{07801F9A-B9C5-427B-A618-0FA2415971CB}.AppStore|Any CPU.Deploy.0 = Release|Any CPU
		{07801F9A-B9C5-427B-A618-0FA2415971CB}.AppStore|ARM.ActiveCfg = Release|ARM
		{07801F9A-B9C5-427B-A618-0FA2415971CB}.AppStore|ARM.Build.0 = Release|ARM
		{07801F9A-B9C5-427B-A618-0FA2415971CB}.AppStore|ARM.Deploy.0 = Release|ARM
		{07801F9A-B9C5-427B-A618-0FA2415971CB}.AppStore|iPhone.ActiveCfg = Release|Any CPU
		{07801F9A-B9C5-427B-A618-0FA2415971CB}.AppStore|iPhone.Build.0 = Release|Any CPU
		{07801F9A-B9C5-427B-A618-0FA2415971CB}.AppStore|iPhone.Deploy.0 = Release|Any CPU
		{07801F9A-B9C5-427B-A618-0FA2415971CB}.AppStore|iPhoneSimulator.ActiveCfg = Release|Any CPU
		{07801F9A-B9C5-427B-A618-0FA2415971CB}.AppStore|iPhoneSimulator.Build.0 = Release|Any CPU
		{07801F9A-B9C5-427B-A618-0FA2415971CB}.AppStore|iPhoneSimulator.Deploy.0 = Release|Any CPU
		{07801F9A-B9C5-427B-A618-0FA2415971CB}.AppStore|x64.ActiveCfg = Release|Any CPU
		{07801F9A-B9C5-427B-A618-0FA2415971CB}.AppStore|x64.Build.0 = Release|Any CPU
		{07801F9A-B9C5-427B-A618-0FA2415971CB}.AppStore|x64.Deploy.0 = Release|Any CPU
		{07801F9A-B9C5-427B-A618-0FA2415971CB}.AppStore|x86.ActiveCfg = Release|x86
		{07801F9A-B9C5-427B-A618-0FA2415971CB}.AppStore|x86.Build.0 = Release|x86
		{07801F9A-B9C5-427B-A618-0FA2415971CB}.AppStore|x86.Deploy.0 = Release|x86
		{07801F9A-B9C5-427B-A618-0FA2415971CB}.Debug|Any CPU.ActiveCfg = Debug|Any CPU
		{07801F9A-B9C5-427B-A618-0FA2415971CB}.Debug|Any CPU.Build.0 = Debug|Any CPU
		{07801F9A-B9C5-427B-A618-0FA2415971CB}.Debug|Any CPU.Deploy.0 = Debug|Any CPU
		{07801F9A-B9C5-427B-A618-0FA2415971CB}.Debug|ARM.ActiveCfg = Debug|ARM
		{07801F9A-B9C5-427B-A618-0FA2415971CB}.Debug|ARM.Build.0 = Debug|ARM
		{07801F9A-B9C5-427B-A618-0FA2415971CB}.Debug|ARM.Deploy.0 = Debug|ARM
		{07801F9A-B9C5-427B-A618-0FA2415971CB}.Debug|iPhone.ActiveCfg = Debug|Any CPU
		{07801F9A-B9C5-427B-A618-0FA2415971CB}.Debug|iPhone.Build.0 = Debug|Any CPU
		{07801F9A-B9C5-427B-A618-0FA2415971CB}.Debug|iPhone.Deploy.0 = Debug|Any CPU
		{07801F9A-B9C5-427B-A618-0FA2415971CB}.Debug|iPhoneSimulator.ActiveCfg = Debug|Any CPU
		{07801F9A-B9C5-427B-A618-0FA2415971CB}.Debug|iPhoneSimulator.Build.0 = Debug|Any CPU
		{07801F9A-B9C5-427B-A618-0FA2415971CB}.Debug|iPhoneSimulator.Deploy.0 = Debug|Any CPU
		{07801F9A-B9C5-427B-A618-0FA2415971CB}.Debug|x64.ActiveCfg = Debug|Any CPU
		{07801F9A-B9C5-427B-A618-0FA2415971CB}.Debug|x64.Build.0 = Debug|Any CPU
		{07801F9A-B9C5-427B-A618-0FA2415971CB}.Debug|x64.Deploy.0 = Debug|Any CPU
		{07801F9A-B9C5-427B-A618-0FA2415971CB}.Debug|x86.ActiveCfg = Debug|x86
		{07801F9A-B9C5-427B-A618-0FA2415971CB}.Debug|x86.Build.0 = Debug|x86
		{07801F9A-B9C5-427B-A618-0FA2415971CB}.Debug|x86.Deploy.0 = Debug|x86
		{07801F9A-B9C5-427B-A618-0FA2415971CB}.Release|Any CPU.ActiveCfg = Release|Any CPU
		{07801F9A-B9C5-427B-A618-0FA2415971CB}.Release|Any CPU.Build.0 = Release|Any CPU
		{07801F9A-B9C5-427B-A618-0FA2415971CB}.Release|Any CPU.Deploy.0 = Release|Any CPU
		{07801F9A-B9C5-427B-A618-0FA2415971CB}.Release|ARM.ActiveCfg = Release|ARM
		{07801F9A-B9C5-427B-A618-0FA2415971CB}.Release|ARM.Build.0 = Release|ARM
		{07801F9A-B9C5-427B-A618-0FA2415971CB}.Release|ARM.Deploy.0 = Release|ARM
		{07801F9A-B9C5-427B-A618-0FA2415971CB}.Release|iPhone.ActiveCfg = Release|Any CPU
		{07801F9A-B9C5-427B-A618-0FA2415971CB}.Release|iPhone.Build.0 = Release|Any CPU
		{07801F9A-B9C5-427B-A618-0FA2415971CB}.Release|iPhone.Deploy.0 = Release|Any CPU
		{07801F9A-B9C5-427B-A618-0FA2415971CB}.Release|iPhoneSimulator.ActiveCfg = Release|Any CPU
		{07801F9A-B9C5-427B-A618-0FA2415971CB}.Release|iPhoneSimulator.Build.0 = Release|Any CPU
		{07801F9A-B9C5-427B-A618-0FA2415971CB}.Release|iPhoneSimulator.Deploy.0 = Release|Any CPU
		{07801F9A-B9C5-427B-A618-0FA2415971CB}.Release|x64.ActiveCfg = Release|Any CPU
		{07801F9A-B9C5-427B-A618-0FA2415971CB}.Release|x64.Build.0 = Release|Any CPU
		{07801F9A-B9C5-427B-A618-0FA2415971CB}.Release|x64.Deploy.0 = Release|Any CPU
		{07801F9A-B9C5-427B-A618-0FA2415971CB}.Release|x86.ActiveCfg = Release|x86
		{07801F9A-B9C5-427B-A618-0FA2415971CB}.Release|x86.Build.0 = Release|x86
		{07801F9A-B9C5-427B-A618-0FA2415971CB}.Release|x86.Deploy.0 = Release|x86
		{C4AAE476-115C-4A5E-9594-ED2EAC177E80}.Ad-Hoc|Any CPU.ActiveCfg = Release|x86
		{C4AAE476-115C-4A5E-9594-ED2EAC177E80}.Ad-Hoc|Any CPU.Build.0 = Release|x86
		{C4AAE476-115C-4A5E-9594-ED2EAC177E80}.Ad-Hoc|Any CPU.Deploy.0 = Release|x86
		{C4AAE476-115C-4A5E-9594-ED2EAC177E80}.Ad-Hoc|ARM.ActiveCfg = Release|ARM
		{C4AAE476-115C-4A5E-9594-ED2EAC177E80}.Ad-Hoc|ARM.Build.0 = Release|ARM
		{C4AAE476-115C-4A5E-9594-ED2EAC177E80}.Ad-Hoc|ARM.Deploy.0 = Release|ARM
		{C4AAE476-115C-4A5E-9594-ED2EAC177E80}.Ad-Hoc|iPhone.ActiveCfg = Release|x86
		{C4AAE476-115C-4A5E-9594-ED2EAC177E80}.Ad-Hoc|iPhone.Build.0 = Release|x86
		{C4AAE476-115C-4A5E-9594-ED2EAC177E80}.Ad-Hoc|iPhone.Deploy.0 = Release|x86
		{C4AAE476-115C-4A5E-9594-ED2EAC177E80}.Ad-Hoc|iPhoneSimulator.ActiveCfg = Release|x86
		{C4AAE476-115C-4A5E-9594-ED2EAC177E80}.Ad-Hoc|iPhoneSimulator.Build.0 = Release|x86
		{C4AAE476-115C-4A5E-9594-ED2EAC177E80}.Ad-Hoc|iPhoneSimulator.Deploy.0 = Release|x86
		{C4AAE476-115C-4A5E-9594-ED2EAC177E80}.Ad-Hoc|x64.ActiveCfg = Release|x64
		{C4AAE476-115C-4A5E-9594-ED2EAC177E80}.Ad-Hoc|x64.Build.0 = Release|x64
		{C4AAE476-115C-4A5E-9594-ED2EAC177E80}.Ad-Hoc|x64.Deploy.0 = Release|x64
		{C4AAE476-115C-4A5E-9594-ED2EAC177E80}.Ad-Hoc|x86.ActiveCfg = Release|x86
		{C4AAE476-115C-4A5E-9594-ED2EAC177E80}.Ad-Hoc|x86.Build.0 = Release|x86
		{C4AAE476-115C-4A5E-9594-ED2EAC177E80}.Ad-Hoc|x86.Deploy.0 = Release|x86
		{C4AAE476-115C-4A5E-9594-ED2EAC177E80}.AppStore|Any CPU.ActiveCfg = Release|x86
		{C4AAE476-115C-4A5E-9594-ED2EAC177E80}.AppStore|Any CPU.Build.0 = Release|x86
		{C4AAE476-115C-4A5E-9594-ED2EAC177E80}.AppStore|Any CPU.Deploy.0 = Release|x86
		{C4AAE476-115C-4A5E-9594-ED2EAC177E80}.AppStore|ARM.ActiveCfg = Release|ARM
		{C4AAE476-115C-4A5E-9594-ED2EAC177E80}.AppStore|ARM.Build.0 = Release|ARM
		{C4AAE476-115C-4A5E-9594-ED2EAC177E80}.AppStore|ARM.Deploy.0 = Release|ARM
		{C4AAE476-115C-4A5E-9594-ED2EAC177E80}.AppStore|iPhone.ActiveCfg = Release|x86
		{C4AAE476-115C-4A5E-9594-ED2EAC177E80}.AppStore|iPhone.Build.0 = Release|x86
		{C4AAE476-115C-4A5E-9594-ED2EAC177E80}.AppStore|iPhone.Deploy.0 = Release|x86
		{C4AAE476-115C-4A5E-9594-ED2EAC177E80}.AppStore|iPhoneSimulator.ActiveCfg = Release|x86
		{C4AAE476-115C-4A5E-9594-ED2EAC177E80}.AppStore|iPhoneSimulator.Build.0 = Release|x86
		{C4AAE476-115C-4A5E-9594-ED2EAC177E80}.AppStore|iPhoneSimulator.Deploy.0 = Release|x86
		{C4AAE476-115C-4A5E-9594-ED2EAC177E80}.AppStore|x64.ActiveCfg = Release|x64
		{C4AAE476-115C-4A5E-9594-ED2EAC177E80}.AppStore|x64.Build.0 = Release|x64
		{C4AAE476-115C-4A5E-9594-ED2EAC177E80}.AppStore|x64.Deploy.0 = Release|x64
		{C4AAE476-115C-4A5E-9594-ED2EAC177E80}.AppStore|x86.ActiveCfg = Release|x86
		{C4AAE476-115C-4A5E-9594-ED2EAC177E80}.AppStore|x86.Build.0 = Release|x86
		{C4AAE476-115C-4A5E-9594-ED2EAC177E80}.AppStore|x86.Deploy.0 = Release|x86
		{C4AAE476-115C-4A5E-9594-ED2EAC177E80}.Debug|Any CPU.ActiveCfg = Debug|x86
		{C4AAE476-115C-4A5E-9594-ED2EAC177E80}.Debug|ARM.ActiveCfg = Debug|ARM
		{C4AAE476-115C-4A5E-9594-ED2EAC177E80}.Debug|ARM.Build.0 = Debug|ARM
		{C4AAE476-115C-4A5E-9594-ED2EAC177E80}.Debug|ARM.Deploy.0 = Debug|ARM
		{C4AAE476-115C-4A5E-9594-ED2EAC177E80}.Debug|iPhone.ActiveCfg = Debug|x86
		{C4AAE476-115C-4A5E-9594-ED2EAC177E80}.Debug|iPhoneSimulator.ActiveCfg = Debug|x86
		{C4AAE476-115C-4A5E-9594-ED2EAC177E80}.Debug|x64.ActiveCfg = Debug|x64
		{C4AAE476-115C-4A5E-9594-ED2EAC177E80}.Debug|x64.Build.0 = Debug|x64
		{C4AAE476-115C-4A5E-9594-ED2EAC177E80}.Debug|x64.Deploy.0 = Debug|x64
		{C4AAE476-115C-4A5E-9594-ED2EAC177E80}.Debug|x86.ActiveCfg = Debug|x86
		{C4AAE476-115C-4A5E-9594-ED2EAC177E80}.Debug|x86.Build.0 = Debug|x86
		{C4AAE476-115C-4A5E-9594-ED2EAC177E80}.Debug|x86.Deploy.0 = Debug|x86
		{C4AAE476-115C-4A5E-9594-ED2EAC177E80}.Release|Any CPU.ActiveCfg = Release|x86
		{C4AAE476-115C-4A5E-9594-ED2EAC177E80}.Release|ARM.ActiveCfg = Release|ARM
		{C4AAE476-115C-4A5E-9594-ED2EAC177E80}.Release|ARM.Build.0 = Release|ARM
		{C4AAE476-115C-4A5E-9594-ED2EAC177E80}.Release|ARM.Deploy.0 = Release|ARM
		{C4AAE476-115C-4A5E-9594-ED2EAC177E80}.Release|iPhone.ActiveCfg = Release|x86
		{C4AAE476-115C-4A5E-9594-ED2EAC177E80}.Release|iPhoneSimulator.ActiveCfg = Release|x86
		{C4AAE476-115C-4A5E-9594-ED2EAC177E80}.Release|x64.ActiveCfg = Release|x64
		{C4AAE476-115C-4A5E-9594-ED2EAC177E80}.Release|x64.Build.0 = Release|x64
		{C4AAE476-115C-4A5E-9594-ED2EAC177E80}.Release|x64.Deploy.0 = Release|x64
		{C4AAE476-115C-4A5E-9594-ED2EAC177E80}.Release|x86.ActiveCfg = Release|x86
		{C4AAE476-115C-4A5E-9594-ED2EAC177E80}.Release|x86.Build.0 = Release|x86
		{C4AAE476-115C-4A5E-9594-ED2EAC177E80}.Release|x86.Deploy.0 = Release|x86
		{AA118EE6-A692-43AB-BCC0-F57CFBF4F3DF}.Ad-Hoc|Any CPU.ActiveCfg = Release|Any CPU
		{AA118EE6-A692-43AB-BCC0-F57CFBF4F3DF}.Ad-Hoc|Any CPU.Build.0 = Release|Any CPU
		{AA118EE6-A692-43AB-BCC0-F57CFBF4F3DF}.Ad-Hoc|Any CPU.Deploy.0 = Release|Any CPU
		{AA118EE6-A692-43AB-BCC0-F57CFBF4F3DF}.Ad-Hoc|ARM.ActiveCfg = Release|ARM
		{AA118EE6-A692-43AB-BCC0-F57CFBF4F3DF}.Ad-Hoc|ARM.Build.0 = Release|ARM
		{AA118EE6-A692-43AB-BCC0-F57CFBF4F3DF}.Ad-Hoc|ARM.Deploy.0 = Release|ARM
		{AA118EE6-A692-43AB-BCC0-F57CFBF4F3DF}.Ad-Hoc|iPhone.ActiveCfg = Release|Any CPU
		{AA118EE6-A692-43AB-BCC0-F57CFBF4F3DF}.Ad-Hoc|iPhone.Build.0 = Release|Any CPU
		{AA118EE6-A692-43AB-BCC0-F57CFBF4F3DF}.Ad-Hoc|iPhone.Deploy.0 = Release|Any CPU
		{AA118EE6-A692-43AB-BCC0-F57CFBF4F3DF}.Ad-Hoc|iPhoneSimulator.ActiveCfg = Release|Any CPU
		{AA118EE6-A692-43AB-BCC0-F57CFBF4F3DF}.Ad-Hoc|iPhoneSimulator.Build.0 = Release|Any CPU
		{AA118EE6-A692-43AB-BCC0-F57CFBF4F3DF}.Ad-Hoc|iPhoneSimulator.Deploy.0 = Release|Any CPU
		{AA118EE6-A692-43AB-BCC0-F57CFBF4F3DF}.Ad-Hoc|x64.ActiveCfg = Release|x64
		{AA118EE6-A692-43AB-BCC0-F57CFBF4F3DF}.Ad-Hoc|x64.Build.0 = Release|x64
		{AA118EE6-A692-43AB-BCC0-F57CFBF4F3DF}.Ad-Hoc|x64.Deploy.0 = Release|x64
		{AA118EE6-A692-43AB-BCC0-F57CFBF4F3DF}.Ad-Hoc|x86.ActiveCfg = Release|x86
		{AA118EE6-A692-43AB-BCC0-F57CFBF4F3DF}.Ad-Hoc|x86.Build.0 = Release|x86
		{AA118EE6-A692-43AB-BCC0-F57CFBF4F3DF}.Ad-Hoc|x86.Deploy.0 = Release|x86
		{AA118EE6-A692-43AB-BCC0-F57CFBF4F3DF}.AppStore|Any CPU.ActiveCfg = Release|Any CPU
		{AA118EE6-A692-43AB-BCC0-F57CFBF4F3DF}.AppStore|Any CPU.Build.0 = Release|Any CPU
		{AA118EE6-A692-43AB-BCC0-F57CFBF4F3DF}.AppStore|Any CPU.Deploy.0 = Release|Any CPU
		{AA118EE6-A692-43AB-BCC0-F57CFBF4F3DF}.AppStore|ARM.ActiveCfg = Release|ARM
		{AA118EE6-A692-43AB-BCC0-F57CFBF4F3DF}.AppStore|ARM.Build.0 = Release|ARM
		{AA118EE6-A692-43AB-BCC0-F57CFBF4F3DF}.AppStore|ARM.Deploy.0 = Release|ARM
		{AA118EE6-A692-43AB-BCC0-F57CFBF4F3DF}.AppStore|iPhone.ActiveCfg = Release|Any CPU
		{AA118EE6-A692-43AB-BCC0-F57CFBF4F3DF}.AppStore|iPhone.Build.0 = Release|Any CPU
		{AA118EE6-A692-43AB-BCC0-F57CFBF4F3DF}.AppStore|iPhone.Deploy.0 = Release|Any CPU
		{AA118EE6-A692-43AB-BCC0-F57CFBF4F3DF}.AppStore|iPhoneSimulator.ActiveCfg = Release|Any CPU
		{AA118EE6-A692-43AB-BCC0-F57CFBF4F3DF}.AppStore|iPhoneSimulator.Build.0 = Release|Any CPU
		{AA118EE6-A692-43AB-BCC0-F57CFBF4F3DF}.AppStore|iPhoneSimulator.Deploy.0 = Release|Any CPU
		{AA118EE6-A692-43AB-BCC0-F57CFBF4F3DF}.AppStore|x64.ActiveCfg = Release|x64
		{AA118EE6-A692-43AB-BCC0-F57CFBF4F3DF}.AppStore|x64.Build.0 = Release|x64
		{AA118EE6-A692-43AB-BCC0-F57CFBF4F3DF}.AppStore|x64.Deploy.0 = Release|x64
		{AA118EE6-A692-43AB-BCC0-F57CFBF4F3DF}.AppStore|x86.ActiveCfg = Release|x86
		{AA118EE6-A692-43AB-BCC0-F57CFBF4F3DF}.AppStore|x86.Build.0 = Release|x86
		{AA118EE6-A692-43AB-BCC0-F57CFBF4F3DF}.AppStore|x86.Deploy.0 = Release|x86
		{AA118EE6-A692-43AB-BCC0-F57CFBF4F3DF}.Debug|Any CPU.ActiveCfg = Debug|Any CPU
		{AA118EE6-A692-43AB-BCC0-F57CFBF4F3DF}.Debug|Any CPU.Build.0 = Debug|Any CPU
		{AA118EE6-A692-43AB-BCC0-F57CFBF4F3DF}.Debug|Any CPU.Deploy.0 = Debug|Any CPU
		{AA118EE6-A692-43AB-BCC0-F57CFBF4F3DF}.Debug|ARM.ActiveCfg = Debug|ARM
		{AA118EE6-A692-43AB-BCC0-F57CFBF4F3DF}.Debug|ARM.Build.0 = Debug|ARM
		{AA118EE6-A692-43AB-BCC0-F57CFBF4F3DF}.Debug|ARM.Deploy.0 = Debug|ARM
		{AA118EE6-A692-43AB-BCC0-F57CFBF4F3DF}.Debug|iPhone.ActiveCfg = Debug|Any CPU
		{AA118EE6-A692-43AB-BCC0-F57CFBF4F3DF}.Debug|iPhone.Build.0 = Debug|Any CPU
		{AA118EE6-A692-43AB-BCC0-F57CFBF4F3DF}.Debug|iPhone.Deploy.0 = Debug|Any CPU
		{AA118EE6-A692-43AB-BCC0-F57CFBF4F3DF}.Debug|iPhoneSimulator.ActiveCfg = Debug|Any CPU
		{AA118EE6-A692-43AB-BCC0-F57CFBF4F3DF}.Debug|iPhoneSimulator.Build.0 = Debug|Any CPU
		{AA118EE6-A692-43AB-BCC0-F57CFBF4F3DF}.Debug|iPhoneSimulator.Deploy.0 = Debug|Any CPU
		{AA118EE6-A692-43AB-BCC0-F57CFBF4F3DF}.Debug|x64.ActiveCfg = Debug|x64
		{AA118EE6-A692-43AB-BCC0-F57CFBF4F3DF}.Debug|x64.Build.0 = Debug|x64
		{AA118EE6-A692-43AB-BCC0-F57CFBF4F3DF}.Debug|x64.Deploy.0 = Debug|x64
		{AA118EE6-A692-43AB-BCC0-F57CFBF4F3DF}.Debug|x86.ActiveCfg = Debug|x86
		{AA118EE6-A692-43AB-BCC0-F57CFBF4F3DF}.Debug|x86.Build.0 = Debug|x86
		{AA118EE6-A692-43AB-BCC0-F57CFBF4F3DF}.Debug|x86.Deploy.0 = Debug|x86
		{AA118EE6-A692-43AB-BCC0-F57CFBF4F3DF}.Release|Any CPU.ActiveCfg = Release|Any CPU
		{AA118EE6-A692-43AB-BCC0-F57CFBF4F3DF}.Release|Any CPU.Build.0 = Release|Any CPU
		{AA118EE6-A692-43AB-BCC0-F57CFBF4F3DF}.Release|Any CPU.Deploy.0 = Release|Any CPU
		{AA118EE6-A692-43AB-BCC0-F57CFBF4F3DF}.Release|ARM.ActiveCfg = Release|ARM
		{AA118EE6-A692-43AB-BCC0-F57CFBF4F3DF}.Release|ARM.Build.0 = Release|ARM
		{AA118EE6-A692-43AB-BCC0-F57CFBF4F3DF}.Release|ARM.Deploy.0 = Release|ARM
		{AA118EE6-A692-43AB-BCC0-F57CFBF4F3DF}.Release|iPhone.ActiveCfg = Release|Any CPU
		{AA118EE6-A692-43AB-BCC0-F57CFBF4F3DF}.Release|iPhone.Build.0 = Release|Any CPU
		{AA118EE6-A692-43AB-BCC0-F57CFBF4F3DF}.Release|iPhone.Deploy.0 = Release|Any CPU
		{AA118EE6-A692-43AB-BCC0-F57CFBF4F3DF}.Release|iPhoneSimulator.ActiveCfg = Release|Any CPU
		{AA118EE6-A692-43AB-BCC0-F57CFBF4F3DF}.Release|iPhoneSimulator.Build.0 = Release|Any CPU
		{AA118EE6-A692-43AB-BCC0-F57CFBF4F3DF}.Release|iPhoneSimulator.Deploy.0 = Release|Any CPU
		{AA118EE6-A692-43AB-BCC0-F57CFBF4F3DF}.Release|x64.ActiveCfg = Release|x64
		{AA118EE6-A692-43AB-BCC0-F57CFBF4F3DF}.Release|x64.Build.0 = Release|x64
		{AA118EE6-A692-43AB-BCC0-F57CFBF4F3DF}.Release|x64.Deploy.0 = Release|x64
		{AA118EE6-A692-43AB-BCC0-F57CFBF4F3DF}.Release|x86.ActiveCfg = Release|x86
		{AA118EE6-A692-43AB-BCC0-F57CFBF4F3DF}.Release|x86.Build.0 = Release|x86
		{AA118EE6-A692-43AB-BCC0-F57CFBF4F3DF}.Release|x86.Deploy.0 = Release|x86
		{A5BC59EC-AD31-41C8-BA3E-45CC7A5CB75F}.Ad-Hoc|Any CPU.ActiveCfg = Release|Any CPU
		{A5BC59EC-AD31-41C8-BA3E-45CC7A5CB75F}.Ad-Hoc|Any CPU.Build.0 = Release|Any CPU
		{A5BC59EC-AD31-41C8-BA3E-45CC7A5CB75F}.Ad-Hoc|ARM.ActiveCfg = Release|Any CPU
		{A5BC59EC-AD31-41C8-BA3E-45CC7A5CB75F}.Ad-Hoc|ARM.Build.0 = Release|Any CPU
		{A5BC59EC-AD31-41C8-BA3E-45CC7A5CB75F}.Ad-Hoc|iPhone.ActiveCfg = Release|Any CPU
		{A5BC59EC-AD31-41C8-BA3E-45CC7A5CB75F}.Ad-Hoc|iPhone.Build.0 = Release|Any CPU
		{A5BC59EC-AD31-41C8-BA3E-45CC7A5CB75F}.Ad-Hoc|iPhoneSimulator.ActiveCfg = Release|Any CPU
		{A5BC59EC-AD31-41C8-BA3E-45CC7A5CB75F}.Ad-Hoc|iPhoneSimulator.Build.0 = Release|Any CPU
		{A5BC59EC-AD31-41C8-BA3E-45CC7A5CB75F}.Ad-Hoc|x64.ActiveCfg = Release|Any CPU
		{A5BC59EC-AD31-41C8-BA3E-45CC7A5CB75F}.Ad-Hoc|x64.Build.0 = Release|Any CPU
		{A5BC59EC-AD31-41C8-BA3E-45CC7A5CB75F}.Ad-Hoc|x86.ActiveCfg = Release|Any CPU
		{A5BC59EC-AD31-41C8-BA3E-45CC7A5CB75F}.Ad-Hoc|x86.Build.0 = Release|Any CPU
		{A5BC59EC-AD31-41C8-BA3E-45CC7A5CB75F}.AppStore|Any CPU.ActiveCfg = Release|Any CPU
		{A5BC59EC-AD31-41C8-BA3E-45CC7A5CB75F}.AppStore|Any CPU.Build.0 = Release|Any CPU
		{A5BC59EC-AD31-41C8-BA3E-45CC7A5CB75F}.AppStore|ARM.ActiveCfg = Release|Any CPU
		{A5BC59EC-AD31-41C8-BA3E-45CC7A5CB75F}.AppStore|ARM.Build.0 = Release|Any CPU
		{A5BC59EC-AD31-41C8-BA3E-45CC7A5CB75F}.AppStore|iPhone.ActiveCfg = Release|Any CPU
		{A5BC59EC-AD31-41C8-BA3E-45CC7A5CB75F}.AppStore|iPhone.Build.0 = Release|Any CPU
		{A5BC59EC-AD31-41C8-BA3E-45CC7A5CB75F}.AppStore|iPhoneSimulator.ActiveCfg = Release|Any CPU
		{A5BC59EC-AD31-41C8-BA3E-45CC7A5CB75F}.AppStore|iPhoneSimulator.Build.0 = Release|Any CPU
		{A5BC59EC-AD31-41C8-BA3E-45CC7A5CB75F}.AppStore|x64.ActiveCfg = Release|Any CPU
		{A5BC59EC-AD31-41C8-BA3E-45CC7A5CB75F}.AppStore|x64.Build.0 = Release|Any CPU
		{A5BC59EC-AD31-41C8-BA3E-45CC7A5CB75F}.AppStore|x86.ActiveCfg = Release|Any CPU
		{A5BC59EC-AD31-41C8-BA3E-45CC7A5CB75F}.AppStore|x86.Build.0 = Release|Any CPU
		{A5BC59EC-AD31-41C8-BA3E-45CC7A5CB75F}.Debug|Any CPU.ActiveCfg = Debug|Any CPU
		{A5BC59EC-AD31-41C8-BA3E-45CC7A5CB75F}.Debug|Any CPU.Build.0 = Debug|Any CPU
		{A5BC59EC-AD31-41C8-BA3E-45CC7A5CB75F}.Debug|ARM.ActiveCfg = Debug|Any CPU
		{A5BC59EC-AD31-41C8-BA3E-45CC7A5CB75F}.Debug|ARM.Build.0 = Debug|Any CPU
		{A5BC59EC-AD31-41C8-BA3E-45CC7A5CB75F}.Debug|iPhone.ActiveCfg = Debug|Any CPU
		{A5BC59EC-AD31-41C8-BA3E-45CC7A5CB75F}.Debug|iPhone.Build.0 = Debug|Any CPU
		{A5BC59EC-AD31-41C8-BA3E-45CC7A5CB75F}.Debug|iPhoneSimulator.ActiveCfg = Debug|Any CPU
		{A5BC59EC-AD31-41C8-BA3E-45CC7A5CB75F}.Debug|iPhoneSimulator.Build.0 = Debug|Any CPU
		{A5BC59EC-AD31-41C8-BA3E-45CC7A5CB75F}.Debug|x64.ActiveCfg = Debug|Any CPU
		{A5BC59EC-AD31-41C8-BA3E-45CC7A5CB75F}.Debug|x64.Build.0 = Debug|Any CPU
		{A5BC59EC-AD31-41C8-BA3E-45CC7A5CB75F}.Debug|x86.ActiveCfg = Debug|Any CPU
		{A5BC59EC-AD31-41C8-BA3E-45CC7A5CB75F}.Debug|x86.Build.0 = Debug|Any CPU
		{A5BC59EC-AD31-41C8-BA3E-45CC7A5CB75F}.Release|Any CPU.ActiveCfg = Release|Any CPU
		{A5BC59EC-AD31-41C8-BA3E-45CC7A5CB75F}.Release|Any CPU.Build.0 = Release|Any CPU
		{A5BC59EC-AD31-41C8-BA3E-45CC7A5CB75F}.Release|ARM.ActiveCfg = Release|Any CPU
		{A5BC59EC-AD31-41C8-BA3E-45CC7A5CB75F}.Release|ARM.Build.0 = Release|Any CPU
		{A5BC59EC-AD31-41C8-BA3E-45CC7A5CB75F}.Release|iPhone.ActiveCfg = Release|Any CPU
		{A5BC59EC-AD31-41C8-BA3E-45CC7A5CB75F}.Release|iPhone.Build.0 = Release|Any CPU
		{A5BC59EC-AD31-41C8-BA3E-45CC7A5CB75F}.Release|iPhoneSimulator.ActiveCfg = Release|Any CPU
		{A5BC59EC-AD31-41C8-BA3E-45CC7A5CB75F}.Release|iPhoneSimulator.Build.0 = Release|Any CPU
		{A5BC59EC-AD31-41C8-BA3E-45CC7A5CB75F}.Release|x64.ActiveCfg = Release|Any CPU
		{A5BC59EC-AD31-41C8-BA3E-45CC7A5CB75F}.Release|x64.Build.0 = Release|Any CPU
		{A5BC59EC-AD31-41C8-BA3E-45CC7A5CB75F}.Release|x86.ActiveCfg = Release|Any CPU
		{A5BC59EC-AD31-41C8-BA3E-45CC7A5CB75F}.Release|x86.Build.0 = Release|Any CPU
	EndGlobalSection
	GlobalSection(SolutionProperties) = preSolution
		HideSolutionNode = FALSE
	EndGlobalSection
EndGlobal
